github.com/andybalholm/cascadia v1.0.0 h1:hOCXnnZ5A+3eVDX8pvgl4kofXv2ELss0bKcqRySc45o=
github.com/andybalholm/cascadia v1.0.0/go.mod h1:GsXiBklL0woXo1j/WYWtSYYC4ouU9PqHO0sqidkEA4Y=
github.com/pysrc/bs v0.0.0-20180908160830-1cb09a9b96a2 h1:csruZ/Cf6FB2IDq8fkDaRR8PYudTBB9D1tKCGo/ok7c=
github.com/pysrc/bs v0.0.0-20180908160830-1cb09a9b96a2/go.mod h1:E9AZQT86Uigv4c4uK6SA1ARFBI79DF4LjsCO7w0Of5Y=
github.com/saihon/saihon v0.0.3 h1:1eb2dsd+jxkoXs4ba1ndJdq0RYj6bBSdnvXIr2lc6OY=
github.com/saihon/saihon v0.0.3/go.mod h1:6YXejqTOwvOT2B5yxBniIdomDuThmhByPm3mhAJX/bs=
github.com/spf13/pflag v1.0.5 h1:iy+VFUOCP1a+8yFto/drg2CJ5u0yRoB7fZw3DKv/JXA=
github.com/spf13/pflag v1.0.5/go.mod h1:McXfInJRrz4CZXVZOBLb0bTZqETkiAhM9Iw0y3An2Bg=
github.com/thanhpk/randstr v1.0.4 h1:IN78qu/bR+My+gHCvMEXhR/i5oriVHcTB/BJJIRTsNo=
github.com/thanhpk/randstr v1.0.4/go.mod h1:M/H2P1eNLZzlDwAzpkkkUvoyNNMbzRGhESZuEQk3r0U=
github.com/weppos/publicsuffix-go v0.13.0 h1:0Tu1uzLBd1jPn4k6OnMmOPZH/l/9bj9kUOMMkoRs6Gg=
github.com/weppos/publicsuffix-go v0.13.0/go.mod h1:z3LCPQ38eedDQSwmsSRW4Y7t2L8Ln16JPQ02lHAdn5k=
golang.org/x/crypto v0.0.0-20190308221718-c2843e01d9a2/go.mod h1:djNgcEr1/C05ACkg1iLfiJU5Ep61QUkGW8qpdssI0+w=
golang.org/x/net v0.0.0-20180218175443-cbe0f9307d01/go.mod h1:mL1N/T3taQHkDXs73rZJwtUhF3w3ftmwwsq0BUmARs4=
golang.org/x/net v0.0.0-20190322120337-addf6b3196f6 h1:78jEq2G3J16aXneH23HSnTQQTCwMHoyO8VEiUH+bpPM=
golang.org/x/net v0.0.0-20190322120337-addf6b3196f6/go.mod h1:t9HGtf8HONx5eT2rtn7q6eTqICYqUVnKs3thJo3Qplg=
golang.org/x/sys v0.0.0-20190215142949-d0b11bdaac8a/go.mod h1:STP8DvDyc/dI5b8T5hshtkjS+E42TnysNCUPdjciGhY=
golang.org/x/text v0.3.0 h1:g61tztE5qeGQ89tm6NTjjM9VPIm088od1l6aSorWRWg=
golang.org/x/text v0.3.0/go.mod h1:NqM8EUOU14njkJ3fqMW+pc6Ldnwhi/IjpwHt7yyuwOQ=
